
Microsoft Visual Studio Solution File, Format Version 12.00
# Visual Studio Version 17
VisualStudioVersion = 17.6.33723.286
MinimumVisualStudioVersion = 10.0.40219.1
Project("{9A19103F-16F7-4668-BE54-9A1E7A4F7556}") = "Ecommerce.Modelo", "Ecommerce.Modelo\Ecommerce.Modelo.csproj", "{5AAA7DD4-63CA-4CCF-BB28-3359AF9EC67F}"
EndProject
Project("{9A19103F-16F7-4668-BE54-9A1E7A4F7556}") = "Ecommerce.Repositorio", "Ecommerce.Repositorio\Ecommerce.Repositorio.csproj", "{88C0E402-D7AD-4A47-84A9-81E90BC330F1}"
EndProject
Project("{9A19103F-16F7-4668-BE54-9A1E7A4F7556}") = "Ecommerce.Servicio", "Ecommerce.Servicio\Ecommerce.Servicio.csproj", "{6E5B7BD2-815E-4B8A-B523-BAF5048A70EC}"
EndProject
Project("{9A19103F-16F7-4668-BE54-9A1E7A4F7556}") = "Ecommerce.DTO", "Ecommerce.DTO\Ecommerce.DTO.csproj", "{CE2A48D8-63D1-47B3-9F6C-B515EB8BA54D}"
EndProject
Project("{9A19103F-16F7-4668-BE54-9A1E7A4F7556}") = "Ecommerce.Utilidades", "Ecommerce.Utilidades\Ecommerce.Utilidades.csproj", "{E5AC6A29-16B9-4FA9-B94B-D5DE2DA5F9F2}"
EndProject
Project("{9A19103F-16F7-4668-BE54-9A1E7A4F7556}") = "Ecommerce.API", "Ecommerce.API\Ecommerce.API.csproj", "{1FFB8CA1-8C74-48B8-9B0F-724F18EA1C64}"
EndProject
Project("{FAE04EC0-301F-11D3-BF4B-00C04F79EFBC}") = "Ecommerce.Web", "Ecommerce.Web\Ecommerce.Web.csproj", "{AFE284ED-CF19-461C-9F39-D0A65441C336}"
EndProject
Global
	GlobalSection(SolutionConfigurationPlatforms) = preSolution
		Debug|Any CPU = Debug|Any CPU
		Release|Any CPU = Release|Any CPU
	EndGlobalSection
	GlobalSection(ProjectConfigurationPlatforms) = postSolution
		{5AAA7DD4-63CA-4CCF-BB28-3359AF9EC67F}.Debug|Any CPU.ActiveCfg = Debug|Any CPU
		{5AAA7DD4-63CA-4CCF-BB28-3359AF9EC67F}.Debug|Any CPU.Build.0 = Debug|Any CPU
		{5AAA7DD4-63CA-4CCF-BB28-3359AF9EC67F}.Release|Any CPU.ActiveCfg = Release|Any CPU
		{5AAA7DD4-63CA-4CCF-BB28-3359AF9EC67F}.Release|Any CPU.Build.0 = Release|Any CPU
		{88C0E402-D7AD-4A47-84A9-81E90BC330F1}.Debug|Any CPU.ActiveCfg = Debug|Any CPU
		{88C0E402-D7AD-4A47-84A9-81E90BC330F1}.Debug|Any CPU.Build.0 = Debug|Any CPU
		{88C0E402-D7AD-4A47-84A9-81E90BC330F1}.Release|Any CPU.ActiveCfg = Release|Any CPU
		{88C0E402-D7AD-4A47-84A9-81E90BC330F1}.Release|Any CPU.Build.0 = Release|Any CPU
		{6E5B7BD2-815E-4B8A-B523-BAF5048A70EC}.Debug|Any CPU.ActiveCfg = Debug|Any CPU
		{6E5B7BD2-815E-4B8A-B523-BAF5048A70EC}.Debug|Any CPU.Build.0 = Debug|Any CPU
		{6E5B7BD2-815E-4B8A-B523-BAF5048A70EC}.Release|Any CPU.ActiveCfg = Release|Any CPU
		{6E5B7BD2-815E-4B8A-B523-BAF5048A70EC}.Release|Any CPU.Build.0 = Release|Any CPU
		{CE2A48D8-63D1-47B3-9F6C-B515EB8BA54D}.Debug|Any CPU.ActiveCfg = Debug|Any CPU
		{CE2A48D8-63D1-47B3-9F6C-B515EB8BA54D}.Debug|Any CPU.Build.0 = Debug|Any CPU
		{CE2A48D8-63D1-47B3-9F6C-B515EB8BA54D}.Release|Any CPU.ActiveCfg = Release|Any CPU
		{CE2A48D8-63D1-47B3-9F6C-B515EB8BA54D}.Release|Any CPU.Build.0 = Release|Any CPU
		{E5AC6A29-16B9-4FA9-B94B-D5DE2DA5F9F2}.Debug|Any CPU.ActiveCfg = Debug|Any CPU
		{E5AC6A29-16B9-4FA9-B94B-D5DE2DA5F9F2}.Debug|Any CPU.Build.0 = Debug|Any CPU
		{E5AC6A29-16B9-4FA9-B94B-D5DE2DA5F9F2}.Release|Any CPU.ActiveCfg = Release|Any CPU
		{E5AC6A29-16B9-4FA9-B94B-D5DE2DA5F9F2}.Release|Any CPU.Build.0 = Release|Any CPU
		{1FFB8CA1-8C74-48B8-9B0F-724F18EA1C64}.Debug|Any CPU.ActiveCfg = Debug|Any CPU
		{1FFB8CA1-8C74-48B8-9B0F-724F18EA1C64}.Debug|Any CPU.Build.0 = Debug|Any CPU
		{1FFB8CA1-8C74-48B8-9B0F-724F18EA1C64}.Release|Any CPU.ActiveCfg = Release|Any CPU
		{1FFB8CA1-8C74-48B8-9B0F-724F18EA1C64}.Release|Any CPU.Build.0 = Release|Any CPU
		{AFE284ED-CF19-461C-9F39-D0A65441C336}.Debug|Any CPU.ActiveCfg = Debug|Any CPU
		{AFE284ED-CF19-461C-9F39-D0A65441C336}.Debug|Any CPU.Build.0 = Debug|Any CPU
		{AFE284ED-CF19-461C-9F39-D0A65441C336}.Release|Any CPU.ActiveCfg = Release|Any CPU
		{AFE284ED-CF19-461C-9F39-D0A65441C336}.Release|Any CPU.Build.0 = Release|Any CPU
	EndGlobalSection
	GlobalSection(SolutionProperties) = preSolution
		HideSolutionNode = FALSE
	EndGlobalSection
	GlobalSection(ExtensibilityGlobals) = postSolution
		SolutionGuid = {BFA316F5-B31F-46F0-B736-7B467CB5FC42}
	EndGlobalSection
EndGlobal
